// !$*UTF8*$!
{
	archiveVersion = 1;
	classes = {
	};
	objectVersion = 46;
	objects = {

/* Begin PBXBuildFile section */
		DA3DC5931CB945D0003E9F05 /* AppDelegate.swift in Sources */ = {isa = PBXBuildFile; fileRef = DA3DC5921CB945D0003E9F05 /* AppDelegate.swift */; };
		DA3DC5951CB945D0003E9F05 /* ViewController.swift in Sources */ = {isa = PBXBuildFile; fileRef = DA3DC5941CB945D0003E9F05 /* ViewController.swift */; };
		DA3DC5981CB945D0003E9F05 /* Main.storyboard in Resources */ = {isa = PBXBuildFile; fileRef = DA3DC5961CB945D0003E9F05 /* Main.storyboard */; };
		DA3DC59A1CB945D0003E9F05 /* Assets.xcassets in Resources */ = {isa = PBXBuildFile; fileRef = DA3DC5991CB945D0003E9F05 /* Assets.xcassets */; };
		DA3DC59D1CB945D0003E9F05 /* LaunchScreen.storyboard in Resources */ = {isa = PBXBuildFile; fileRef = DA3DC59B1CB945D0003E9F05 /* LaunchScreen.storyboard */; };
/* End PBXBuildFile section */

/* Begin PBXFileReference section */
		DA3DC58F1CB945D0003E9F05 /* SliderNavigation.app */ = {isa = PBXFileReference; explicitFileType = wrapper.application; includeInIndex = 0; path = SliderNavigation.app; sourceTree = BUILT_PRODUCTS_DIR; };
		DA3DC5921CB945D0003E9F05 /* AppDelegate.swift */ = {isa = PBXFileReference; lastKnownFileType = sourcecode.swift; path = AppDelegate.swift; sourceTree = "<group>"; };
		DA3DC5941CB945D0003E9F05 /* ViewController.swift */ = {isa = PBXFileReference; lastKnownFileType = sourcecode.swift; path = ViewController.swift; sourceTree = "<group>"; };
		DA3DC5971CB945D0003E9F05 /* Base */ = {isa = PBXFileReference; lastKnownFileType = file.storyboard; name = Base; path = Base.lproj/Main.storyboard; sourceTree = "<group>"; };
		DA3DC5991CB945D0003E9F05 /* Assets.xcassets */ = {isa = PBXFileReference; lastKnownFileType = folder.assetcatalog; path = Assets.xcassets; sourceTree = "<group>"; };
		DA3DC59C1CB945D0003E9F05 /* Base */ = {isa = PBXFileReference; lastKnownFileType = file.storyboard; name = Base; path = Base.lproj/LaunchScreen.storyboard; sourceTree = "<group>"; };
		DA3DC59E1CB945D0003E9F05 /* Info.plist */ = {isa = PBXFileReference; lastKnownFileType = text.plist.xml; path = Info.plist; sourceTree = "<group>"; };
/* End PBXFileReference section */

/* Begin PBXFrameworksBuildPhase section */
		DA3DC58C1CB945D0003E9F05 /* Frameworks */ = {
			isa = PBXFrameworksBuildPhase;
			buildActionMask = 2147483647;
			files = (
			);
			runOnlyForDeploymentPostprocessing = 0;
		};
/* End PBXFrameworksBuildPhase section */

/* Begin PBXGroup section */
		DA3DC5861CB945D0003E9F05 = {
			isa = PBXGroup;
			children = (
				DA3DC5911CB945D0003E9F05 /* SliderNavigation */,
				DA3DC5901CB945D0003E9F05 /* Products */,
			);
			sourceTree = "<group>";
		};
		DA3DC5901CB945D0003E9F05 /* Products */ = {
			isa = PBXGroup;
			children = (
				DA3DC58F1CB945D0003E9F05 /* SliderNavigation.app */,
			);
			name = Products;
			sourceTree = "<group>";
		};
		DA3DC5911CB945D0003E9F05 /* SliderNavigation */ = {
			isa = PBXGroup;
			children = (
				DA3DC5921CB945D0003E9F05 /* AppDelegate.swift */,
				DA3DC5941CB945D0003E9F05 /* ViewController.swift */,
				DA3DC5961CB945D0003E9F05 /* Main.storyboard */,
				DA3DC5991CB945D0003E9F05 /* Assets.xcassets */,
				DA3DC59B1CB945D0003E9F05 /* LaunchScreen.storyboard */,
				DA3DC59E1CB945D0003E9F05 /* Info.plist */,
			);
			path = SliderNavigation;
			sourceTree = "<group>";
		};
/* End PBXGroup section */

/* Begin PBXNativeTarget section */
		DA3DC58E1CB945D0003E9F05 /* SliderNavigation */ = {
			isa = PBXNativeTarget;
			buildConfigurationList = DA3DC5A11CB945D0003E9F05 /* Build configuration list for PBXNativeTarget "SliderNavigation" */;
			buildPhases = (
				DA3DC58B1CB945D0003E9F05 /* Sources */,
				DA3DC58C1CB945D0003E9F05 /* Frameworks */,
				DA3DC58D1CB945D0003E9F05 /* Resources */,
			);
			buildRules = (
			);
			dependencies = (
			);
			name = SliderNavigation;
			productName = SliderNavigation;
			productReference = DA3DC58F1CB945D0003E9F05 /* SliderNavigation.app */;
			productType = "com.apple.product-type.application";
		};
/* End PBXNativeTarget section */

/* Begin PBXProject section */
		DA3DC5871CB945D0003E9F05 /* Project object */ = {
			isa = PBXProject;
			attributes = {
				LastSwiftUpdateCheck = 0720;
				LastUpgradeCheck = 0720;
				ORGANIZATIONNAME = iWe;
				TargetAttributes = {
					DA3DC58E1CB945D0003E9F05 = {
						CreatedOnToolsVersion = 7.2.1;
						DevelopmentTeam = P55DG9QH44;
					};
				};
			};
			buildConfigurationList = DA3DC58A1CB945D0003E9F05 /* Build configuration list for PBXProject "SliderNavigation" */;
			compatibilityVersion = "Xcode 3.2";
			developmentRegion = English;
			hasScannedForEncodings = 0;
			knownRegions = (
				en,
				Base,
			);
			mainGroup = DA3DC5861CB945D0003E9F05;
			productRefGroup = DA3DC5901CB945D0003E9F05 /* Products */;
			projectDirPath = "";
			projectRoot = "";
			targets = (
				DA3DC58E1CB945D0003E9F05 /* SliderNavigation */,
			);
		};
/* End PBXProject section */

/* Begin PBXResourcesBuildPhase section */
		DA3DC58D1CB945D0003E9F05 /* Resources */ = {
			isa = PBXResourcesBuildPhase;
			buildActionMask = 2147483647;
			files = (
				DA3DC59D1CB945D0003E9F05 /* LaunchScreen.storyboard in Resources */,
				DA3DC59A1CB945D0003E9F05 /* Assets.xcassets in Resources */,
				DA3DC5981CB945D0003E9F05 /* Main.storyboard in Resources */,
			);
			runOnlyForDeploymentPostprocessing = 0;
		};
/* End PBXResourcesBuildPhase section */

/* Begin PBXSourcesBuildPhase section */
		DA3DC58B1CB945D0003E9F05 /* Sources */ = {
			isa = PBXSourcesBuildPhase;
			buildActionMask = 2147483647;
			files = (
				DA3DC5951CB945D0003E9F05 /* ViewController.swift in Sources */,
				DA3DC5931CB945D0003E9F05 /* AppDelegate.swift in Sources */,
			);
			runOnlyForDeploymentPostprocessing = 0;
		};
/* End PBXSourcesBuildPhase section */

/* Begin PBXVariantGroup section */
		DA3DC5961CB945D0003E9F05 /* Main.storyboard */ = {
			isa = PBXVariantGroup;
			children = (
				DA3DC5971CB945D0003E9F05 /* Base */,
			);
			name = Main.storyboard;
			sourceTree = "<group>";
		};
		DA3DC59B1CB945D0003E9F05 /* LaunchScreen.storyboard */ = {
			isa = PBXVariantGroup;
			children = (
				DA3DC59C1CB945D0003E9F05 /* Base */,
			);
			name = LaunchScreen.storyboard;
			sourceTree = "<group>";
		};
/* End PBXVariantGroup section */

/* Begin XCBuildConfiguration section */
		DA3DC59F1CB945D0003E9F05 /* Debug */ = {
			isa = XCBuildConfiguration;
			buildSettings = {
				ALWAYS_SEARCH_USER_PATHS = NO;
				CLANG_CXX_LANGUAGE_STANDARD = "gnu++0x";
				CLANG_CXX_LIBRARY = "libc++";
				CLANG_ENABLE_MODULES = YES;
				CLANG_ENABLE_OBJC_ARC = YES;
				CLANG_WARN_BOOL_CONVERSION = YES;
				CLANG_WARN_CONSTANT_CONVERSION = YES;
				CLANG_WARN_DIRECT_OBJC_ISA_USAGE = YES_ERROR;
				CLANG_WARN_EMPTY_BODY = YES;
				CLANG_WARN_ENUM_CONVERSION = YES;
				CLANG_WARN_INT_CONVERSION = YES;
				CLANG_WARN_OBJC_ROOT_CLASS = YES_ERROR;
				CLANG_WARN_UNREACHABLE_CODE = YES;
				CLANG_WARN__DUPLICATE_METHOD_MATCH = YES;
				"CODE_SIGN_IDENTITY[sdk=iphoneos*]" = "iPhone Developer";
				COPY_PHASE_STRIP = NO;
				DEBUG_INFORMATION_FORMAT = dwarf;
				ENABLE_STRICT_OBJC_MSGSEND = YES;
				ENABLE_TESTABILITY = YES;
				GCC_C_LANGUAGE_STANDARD = gnu99;
				GCC_DYNAMIC_NO_PIC = NO;
				GCC_NO_COMMON_BLOCKS = YES;
				GCC_OPTIMIZATION_LEVEL = 0;
				GCC_PREPROCESSOR_DEFINITIONS = (
					"DEBUG=1",
					"$(inherited)",
				);
				GCC_WARN_64_TO_32_BIT_CONVERSION = YES;
				GCC_WARN_ABOUT_RETURN_TYPE = YES_ERROR;
				GCC_WARN_UNDECLARED_SELECTOR = YES;
				GCC_WARN_UNINITIALIZED_AUTOS = YES_AGGRESSIVE;
				GCC_WARN_UNUSED_FUNCTION = YES;
				GCC_WARN_UNUSED_VARIABLE = YES;
				IPHONEOS_DEPLOYMENT_TARGET = 9.2;
				MTL_ENABLE_DEBUG_INFO = YES;
				ONLY_ACTIVE_ARCH = YES;
				SDKROOT = iphoneos;
				SWIFT_OPTIMIZATION_LEVEL = "-Onone";
				TARGETED_DEVICE_FAMILY = "1,2";
			};
			name = Debug;
		};
		DA3DC5A01CB945D0003E9F05 /* Release */ = {
			isa = XCBuildConfiguration;
			buildSettings = {
				ALWAYS_SEARCH_USER_PATHS = NO;
				CLANG_CXX_LANGUAGE_STANDARD = "gnu++0x";
				CLANG_CXX_LIBRARY = "libc++";
				CLANG_ENABLE_MODULES = YES;
				CLANG_ENABLE_OBJC_ARC = YES;
				CLANG_WARN_BOOL_CONVERSION = YES;
				CLANG_WARN_CONSTANT_CONVERSION = YES;
				CLANG_WARN_DIRECT_OBJC_ISA_USAGE = YES_ERROR;
				CLANG_WARN_EMPTY_BODY = YES;
				CLANG_WARN_ENUM_CONVERSION = YES;
				CLANG_WARN_INT_CONVERSION = YES;
				CLANG_WARN_OBJC_ROOT_CLASS = YES_ERROR;
				CLANG_WARN_UNREACHABLE_CODE = YES;
				CLANG_WARN__DUPLICATE_METHOD_MATCH = YES;
				"CODE_SIGN_IDENTITY[sdk=iphoneos*]" = "iPhone Developer";
				COPY_PHASE_STRIP = NO;
				DEBUG_INFORMATION_FORMAT = "dwarf-with-dsym";
				ENABLE_NS_ASSERTIONS = NO;
				ENABLE_STRICT_OBJC_MSGSEND = YES;
				GCC_C_LANGUAGE_STANDARD = gnu99;
				GCC_NO_COMMON_BLOCKS = YES;
				GCC_WARN_64_TO_32_BIT_CONVERSION = YES;
				GCC_WARN_ABOUT_RETURN_TYPE = YES_ERROR;
				GCC_WARN_UNDECLARED_SELECTOR = YES;
				GCC_WARN_UNINITIALIZED_AUTOS = YES_AGGRESSIVE;
				GCC_WARN_UNUSED_FUNCTION = YES;
				GCC_WARN_UNUSED_VARIABLE = YES;
				IPHONEOS_DEPLOYMENT_TARGET = 9.2;
				MTL_ENABLE_DEBUG_INFO = NO;
				SDKROOT = iphoneos;
				TARGETED_DEVICE_FAMILY = "1,2";
				VALIDATE_PRODUCT = YES;
			};
			name = Release;
		};
		DA3DC5A21CB945D0003E9F05 /* Debug */ = {
			isa = XCBuildConfiguration;
			buildSettings = {
				ASSETCATALOG_COMPILER_APPICON_NAME = AppIcon;
				CODE_SIGN_IDENTITY = "iPhone Developer";
				INFOPLIST_FILE = SliderNavigation/Info.plist;
				LD_RUNPATH_SEARCH_PATHS = "$(inherited) @executable_path/Frameworks";
				PRODUCT_BUNDLE_IDENTIFIER = cc.iWecon.SliderNavigation;
				PRODUCT_NAME = "$(TARGET_NAME)";
			};
			name = Debug;
		};
		DA3DC5A31CB945D0003E9F05 /* Release */ = {
			isa = XCBuildConfiguration;
			buildSettings = {
				ASSETCATALOG_COMPILER_APPICON_NAME = AppIcon;
				CODE_SIGN_IDENTITY = "iPhone Developer";
				INFOPLIST_FILE = SliderNavigation/Info.plist;
				LD_RUNPATH_SEARCH_PATHS = "$(inherited) @executable_path/Frameworks";
				PRODUCT_BUNDLE_IDENTIFIER = cc.iWecon.SliderNavigation;
				PRODUCT_NAME = "$(TARGET_NAME)";
			};
			name = Release;
		};
/* End XCBuildConfiguration section */

/* Begin XCConfigurationList section */
		DA3DC58A1CB945D0003E9F05 /* Build configuration list for PBXProject "SliderNavigation" */ = {
			isa = XCConfigurationList;
			buildConfigurations = (
				DA3DC59F1CB945D0003E9F05 /* Debug */,
				DA3DC5A01CB945D0003E9F05 /* Release */,
			);
			defaultConfigurationIsVisible = 0;
			defaultConfigurationName = Release;
		};
		DA3DC5A11CB945D0003E9F05 /* Build configuration list for PBXNativeTarget "SliderNavigation" */ = {
			isa = XCConfigurationList;
			buildConfigurations = (
				DA3DC5A21CB945D0003E9F05 /* Debug */,
				DA3DC5A31CB945D0003E9F05 /* Release */,
			);
			defaultConfigurationIsVisible = 0;
			defaultConfigurationName = Release;
		};
/* End XCConfigurationList section */
	};
	rootObject = DA3DC5871CB945D0003E9F05 /* Project object */;
}
